// !$*UTF8*$!
{
	archiveVersion = 1;
	classes = {
	};
	objectVersion = 46;
	objects = {

/* Begin PBXBuildFile section */
		6E10C0CCC89B80DA8B7DFEE4 /* libPods-launchScreenAnimation.a in Frameworks */ = {isa = PBXBuildFile; fileRef = 8D0C8E841EFB4E124ACC50EC /* libPods-launchScreenAnimation.a */; };
		898AF9BA1D5876A600AAD8B2 /* main.m in Sources */ = {isa = PBXBuildFile; fileRef = 898AF9B91D5876A600AAD8B2 /* main.m */; };
		898AF9BD1D5876A600AAD8B2 /* AppDelegate.m in Sources */ = {isa = PBXBuildFile; fileRef = 898AF9BC1D5876A600AAD8B2 /* AppDelegate.m */; };
		898AF9C01D5876A600AAD8B2 /* ViewController.m in Sources */ = {isa = PBXBuildFile; fileRef = 898AF9BF1D5876A600AAD8B2 /* ViewController.m */; };
		898AF9C31D5876A600AAD8B2 /* Main.storyboard in Resources */ = {isa = PBXBuildFile; fileRef = 898AF9C11D5876A600AAD8B2 /* Main.storyboard */; };
		898AF9C51D5876A600AAD8B2 /* Assets.xcassets in Resources */ = {isa = PBXBuildFile; fileRef = 898AF9C41D5876A600AAD8B2 /* Assets.xcassets */; };
		898AF9C81D5876A600AAD8B2 /* LaunchScreen.storyboard in Resources */ = {isa = PBXBuildFile; fileRef = 898AF9C61D5876A600AAD8B2 /* LaunchScreen.storyboard */; };
		898AF9D31D5876A600AAD8B2 /* launchScreenAnimationTests.m in Sources */ = {isa = PBXBuildFile; fileRef = 898AF9D21D5876A600AAD8B2 /* launchScreenAnimationTests.m */; };
		898AF9DE1D5876A600AAD8B2 /* launchScreenAnimationUITests.m in Sources */ = {isa = PBXBuildFile; fileRef = 898AF9DD1D5876A600AAD8B2 /* launchScreenAnimationUITests.m */; };
		898AF9EC1D5876CD00AAD8B2 /* test.png in Resources */ = {isa = PBXBuildFile; fileRef = 898AF9EB1D5876CD00AAD8B2 /* test.png */; };
		898AF9EF1D587EFB00AAD8B2 /* BBLaunchAdMonitor.m in Sources */ = {isa = PBXBuildFile; fileRef = 898AF9EE1D587EFB00AAD8B2 /* BBLaunchAdMonitor.m */; };
/* End PBXBuildFile section */

/* Begin PBXContainerItemProxy section */
		898AF9CF1D5876A600AAD8B2 /* PBXContainerItemProxy */ = {
			isa = PBXContainerItemProxy;
			containerPortal = 898AF9AD1D5876A600AAD8B2 /* Project object */;
			proxyType = 1;
			remoteGlobalIDString = 898AF9B41D5876A600AAD8B2;
			remoteInfo = launchScreenAnimation;
		};
		898AF9DA1D5876A600AAD8B2 /* PBXContainerItemProxy */ = {
			isa = PBXContainerItemProxy;
			containerPortal = 898AF9AD1D5876A600AAD8B2 /* Project object */;
			proxyType = 1;
			remoteGlobalIDString = 898AF9B41D5876A600AAD8B2;
			remoteInfo = launchScreenAnimation;
		};
/* End PBXContainerItemProxy section */

/* Begin PBXFileReference section */
		04A1C9DF36E6232196CB8ED1 /* Pods-launchScreenAnimation.release.xcconfig */ = {isa = PBXFileReference; includeInIndex = 1; lastKnownFileType = text.xcconfig; name = "Pods-launchScreenAnimation.release.xcconfig"; path = "Pods/Target Support Files/Pods-launchScreenAnimation/Pods-launchScreenAnimation.release.xcconfig"; sourceTree = "<group>"; };
		898AF9B51D5876A600AAD8B2 /* launchScreenAnimation.app */ = {isa = PBXFileReference; explicitFileType = wrapper.application; includeInIndex = 0; path = launchScreenAnimation.app; sourceTree = BUILT_PRODUCTS_DIR; };
		898AF9B91D5876A600AAD8B2 /* main.m */ = {isa = PBXFileReference; lastKnownFileType = sourcecode.c.objc; path = main.m; sourceTree = "<group>"; };
		898AF9BB1D5876A600AAD8B2 /* AppDelegate.h */ = {isa = PBXFileReference; lastKnownFileType = sourcecode.c.h; path = AppDelegate.h; sourceTree = "<group>"; };
		898AF9BC1D5876A600AAD8B2 /* AppDelegate.m */ = {isa = PBXFileReference; lastKnownFileType = sourcecode.c.objc; path = AppDelegate.m; sourceTree = "<group>"; };
		898AF9BE1D5876A600AAD8B2 /* ViewController.h */ = {isa = PBXFileReference; lastKnownFileType = sourcecode.c.h; path = ViewController.h; sourceTree = "<group>"; };
		898AF9BF1D5876A600AAD8B2 /* ViewController.m */ = {isa = PBXFileReference; lastKnownFileType = sourcecode.c.objc; path = ViewController.m; sourceTree = "<group>"; };
		898AF9C21D5876A600AAD8B2 /* Base */ = {isa = PBXFileReference; lastKnownFileType = file.storyboard; name = Base; path = Base.lproj/Main.storyboard; sourceTree = "<group>"; };
		898AF9C41D5876A600AAD8B2 /* Assets.xcassets */ = {isa = PBXFileReference; lastKnownFileType = folder.assetcatalog; path = Assets.xcassets; sourceTree = "<group>"; };
		898AF9C71D5876A600AAD8B2 /* Base */ = {isa = PBXFileReference; lastKnownFileType = file.storyboard; name = Base; path = Base.lproj/LaunchScreen.storyboard; sourceTree = "<group>"; };
		898AF9C91D5876A600AAD8B2 /* Info.plist */ = {isa = PBXFileReference; lastKnownFileType = text.plist.xml; path = Info.plist; sourceTree = "<group>"; };
		898AF9CE1D5876A600AAD8B2 /* launchScreenAnimationTests.xctest */ = {isa = PBXFileReference; explicitFileType = wrapper.cfbundle; includeInIndex = 0; path = launchScreenAnimationTests.xctest; sourceTree = BUILT_PRODUCTS_DIR; };
		898AF9D21D5876A600AAD8B2 /* launchScreenAnimationTests.m */ = {isa = PBXFileReference; lastKnownFileType = sourcecode.c.objc; path = launchScreenAnimationTests.m; sourceTree = "<group>"; };
		898AF9D41D5876A600AAD8B2 /* Info.plist */ = {isa = PBXFileReference; lastKnownFileType = text.plist.xml; path = Info.plist; sourceTree = "<group>"; };
		898AF9D91D5876A600AAD8B2 /* launchScreenAnimationUITests.xctest */ = {isa = PBXFileReference; explicitFileType = wrapper.cfbundle; includeInIndex = 0; path = launchScreenAnimationUITests.xctest; sourceTree = BUILT_PRODUCTS_DIR; };
		898AF9DD1D5876A600AAD8B2 /* launchScreenAnimationUITests.m */ = {isa = PBXFileReference; lastKnownFileType = sourcecode.c.objc; path = launchScreenAnimationUITests.m; sourceTree = "<group>"; };
		898AF9DF1D5876A600AAD8B2 /* Info.plist */ = {isa = PBXFileReference; lastKnownFileType = text.plist.xml; path = Info.plist; sourceTree = "<group>"; };
		898AF9EB1D5876CD00AAD8B2 /* test.png */ = {isa = PBXFileReference; lastKnownFileType = image.png; path = test.png; sourceTree = "<group>"; };
		898AF9ED1D587EFB00AAD8B2 /* BBLaunchAdMonitor.h */ = {isa = PBXFileReference; fileEncoding = 4; lastKnownFileType = sourcecode.c.h; path = BBLaunchAdMonitor.h; sourceTree = "<group>"; };
		898AF9EE1D587EFB00AAD8B2 /* BBLaunchAdMonitor.m */ = {isa = PBXFileReference; fileEncoding = 4; lastKnownFileType = sourcecode.c.objc; path = BBLaunchAdMonitor.m; sourceTree = "<group>"; };
		8D0C8E841EFB4E124ACC50EC /* libPods-launchScreenAnimation.a */ = {isa = PBXFileReference; explicitFileType = archive.ar; includeInIndex = 0; path = "libPods-launchScreenAnimation.a"; sourceTree = BUILT_PRODUCTS_DIR; };
		EAFCC55A0C997F2038BD2271 /* Pods-launchScreenAnimation.debug.xcconfig */ = {isa = PBXFileReference; includeInIndex = 1; lastKnownFileType = text.xcconfig; name = "Pods-launchScreenAnimation.debug.xcconfig"; path = "Pods/Target Support Files/Pods-launchScreenAnimation/Pods-launchScreenAnimation.debug.xcconfig"; sourceTree = "<group>"; };
/* End PBXFileReference section */

/* Begin PBXFrameworksBuildPhase section */
		898AF9B21D5876A600AAD8B2 /* Frameworks */ = {
			isa = PBXFrameworksBuildPhase;
			buildActionMask = 2147483647;
			files = (
				6E10C0CCC89B80DA8B7DFEE4 /* libPods-launchScreenAnimation.a in Frameworks */,
			);
			runOnlyForDeploymentPostprocessing = 0;
		};
		898AF9CB1D5876A600AAD8B2 /* Frameworks */ = {
			isa = PBXFrameworksBuildPhase;
			buildActionMask = 2147483647;
			files = (
			);
			runOnlyForDeploymentPostprocessing = 0;
		};
		898AF9D61D5876A600AAD8B2 /* Frameworks */ = {
			isa = PBXFrameworksBuildPhase;
			buildActionMask = 2147483647;
			files = (
			);
			runOnlyForDeploymentPostprocessing = 0;
		};
/* End PBXFrameworksBuildPhase section */

/* Begin PBXGroup section */
		4239BE2AFAA26CD74FD3F13A /* Pods */ = {
			isa = PBXGroup;
			children = (
				EAFCC55A0C997F2038BD2271 /* Pods-launchScreenAnimation.debug.xcconfig */,
				04A1C9DF36E6232196CB8ED1 /* Pods-launchScreenAnimation.release.xcconfig */,
			);
			name = Pods;
			sourceTree = "<group>";
		};
		86C27E96865BAFD14DFB57B1 /* Frameworks */ = {
			isa = PBXGroup;
			children = (
				8D0C8E841EFB4E124ACC50EC /* libPods-launchScreenAnimation.a */,
			);
			name = Frameworks;
			sourceTree = "<group>";
		};
		898AF9AC1D5876A600AAD8B2 = {
			isa = PBXGroup;
			children = (
				898AF9B71D5876A600AAD8B2 /* launchScreenAnimation */,
				898AF9D11D5876A600AAD8B2 /* launchScreenAnimationTests */,
				898AF9DC1D5876A600AAD8B2 /* launchScreenAnimationUITests */,
				898AF9B61D5876A600AAD8B2 /* Products */,
				4239BE2AFAA26CD74FD3F13A /* Pods */,
				86C27E96865BAFD14DFB57B1 /* Frameworks */,
			);
			sourceTree = "<group>";
		};
		898AF9B61D5876A600AAD8B2 /* Products */ = {
			isa = PBXGroup;
			children = (
				898AF9B51D5876A600AAD8B2 /* launchScreenAnimation.app */,
				898AF9CE1D5876A600AAD8B2 /* launchScreenAnimationTests.xctest */,
				898AF9D91D5876A600AAD8B2 /* launchScreenAnimationUITests.xctest */,
			);
			name = Products;
			sourceTree = "<group>";
		};
		898AF9B71D5876A600AAD8B2 /* launchScreenAnimation */ = {
			isa = PBXGroup;
			children = (
				898AF9BB1D5876A600AAD8B2 /* AppDelegate.h */,
				898AF9BC1D5876A600AAD8B2 /* AppDelegate.m */,
				898AF9BE1D5876A600AAD8B2 /* ViewController.h */,
				898AF9BF1D5876A600AAD8B2 /* ViewController.m */,
				898AF9ED1D587EFB00AAD8B2 /* BBLaunchAdMonitor.h */,
				898AF9EE1D587EFB00AAD8B2 /* BBLaunchAdMonitor.m */,
				898AF9C11D5876A600AAD8B2 /* Main.storyboard */,
				898AF9C41D5876A600AAD8B2 /* Assets.xcassets */,
				898AF9EB1D5876CD00AAD8B2 /* test.png */,
				898AF9C61D5876A600AAD8B2 /* LaunchScreen.storyboard */,
				898AF9C91D5876A600AAD8B2 /* Info.plist */,
				898AF9B81D5876A600AAD8B2 /* Supporting Files */,
			);
			path = launchScreenAnimation;
			sourceTree = "<group>";
		};
		898AF9B81D5876A600AAD8B2 /* Supporting Files */ = {
			isa = PBXGroup;
			children = (
				898AF9B91D5876A600AAD8B2 /* main.m */,
			);
			name = "Supporting Files";
			sourceTree = "<group>";
		};
		898AF9D11D5876A600AAD8B2 /* launchScreenAnimationTests */ = {
			isa = PBXGroup;
			children = (
				898AF9D21D5876A600AAD8B2 /* launchScreenAnimationTests.m */,
				898AF9D41D5876A600AAD8B2 /* Info.plist */,
			);
			path = launchScreenAnimationTests;
			sourceTree = "<group>";
		};
		898AF9DC1D5876A600AAD8B2 /* launchScreenAnimationUITests */ = {
			isa = PBXGroup;
			children = (
				898AF9DD1D5876A600AAD8B2 /* launchScreenAnimationUITests.m */,
				898AF9DF1D5876A600AAD8B2 /* Info.plist */,
			);
			path = launchScreenAnimationUITests;
			sourceTree = "<group>";
		};
/* End PBXGroup section */

/* Begin PBXNativeTarget section */
		898AF9B41D5876A600AAD8B2 /* launchScreenAnimation */ = {
			isa = PBXNativeTarget;
			buildConfigurationList = 898AF9E21D5876A600AAD8B2 /* Build configuration list for PBXNativeTarget "launchScreenAnimation" */;
			buildPhases = (
				DD4638F22DC6F8E327DEB117 /* [CP] Check Pods Manifest.lock */,
				898AF9B11D5876A600AAD8B2 /* Sources */,
				898AF9B21D5876A600AAD8B2 /* Frameworks */,
				898AF9B31D5876A600AAD8B2 /* Resources */,
				156E101323BB55CA89F494D5 /* [CP] Embed Pods Frameworks */,
				937E7FCAB209AEF3FA16BBA1 /* [CP] Copy Pods Resources */,
			);
			buildRules = (
			);
			dependencies = (
			);
			name = launchScreenAnimation;
			productName = launchScreenAnimation;
			productReference = 898AF9B51D5876A600AAD8B2 /* launchScreenAnimation.app */;
			productType = "com.apple.product-type.application";
		};
		898AF9CD1D5876A600AAD8B2 /* launchScreenAnimationTests */ = {
			isa = PBXNativeTarget;
			buildConfigurationList = 898AF9E51D5876A600AAD8B2 /* Build configuration list for PBXNativeTarget "launchScreenAnimationTests" */;
			buildPhases = (
				898AF9CA1D5876A600AAD8B2 /* Sources */,
				898AF9CB1D5876A600AAD8B2 /* Frameworks */,
				898AF9CC1D5876A600AAD8B2 /* Resources */,
			);
			buildRules = (
			);
			dependencies = (
				898AF9D01D5876A600AAD8B2 /* PBXTargetDependency */,
			);
			name = launchScreenAnimationTests;
			productName = launchScreenAnimationTests;
			productReference = 898AF9CE1D5876A600AAD8B2 /* launchScreenAnimationTests.xctest */;
			productType = "com.apple.product-type.bundle.unit-test";
		};
		898AF9D81D5876A600AAD8B2 /* launchScreenAnimationUITests */ = {
			isa = PBXNativeTarget;
			buildConfigurationList = 898AF9E81D5876A600AAD8B2 /* Build configuration list for PBXNativeTarget "launchScreenAnimationUITests" */;
			buildPhases = (
				898AF9D51D5876A600AAD8B2 /* Sources */,
				898AF9D61D5876A600AAD8B2 /* Frameworks */,
				898AF9D71D5876A600AAD8B2 /* Resources */,
			);
			buildRules = (
			);
			dependencies = (
				898AF9DB1D5876A600AAD8B2 /* PBXTargetDependency */,
			);
			name = launchScreenAnimationUITests;
			productName = launchScreenAnimationUITests;
			productReference = 898AF9D91D5876A600AAD8B2 /* launchScreenAnimationUITests.xctest */;
			productType = "com.apple.product-type.bundle.ui-testing";
		};
/* End PBXNativeTarget section */

/* Begin PBXProject section */
		898AF9AD1D5876A600AAD8B2 /* Project object */ = {
			isa = PBXProject;
			attributes = {
				LastUpgradeCheck = 0730;
				ORGANIZATIONNAME = camel;
				TargetAttributes = {
					898AF9B41D5876A600AAD8B2 = {
						CreatedOnToolsVersion = 7.3;
					};
					898AF9CD1D5876A600AAD8B2 = {
						CreatedOnToolsVersion = 7.3;
						TestTargetID = 898AF9B41D5876A600AAD8B2;
					};
					898AF9D81D5876A600AAD8B2 = {
						CreatedOnToolsVersion = 7.3;
						TestTargetID = 898AF9B41D5876A600AAD8B2;
					};
				};
			};
			buildConfigurationList = 898AF9B01D5876A600AAD8B2 /* Build configuration list for PBXProject "launchScreenAnimation" */;
			compatibilityVersion = "Xcode 3.2";
			developmentRegion = English;
			hasScannedForEncodings = 0;
			knownRegions = (
				en,
				Base,
			);
			mainGroup = 898AF9AC1D5876A600AAD8B2;
			productRefGroup = 898AF9B61D5876A600AAD8B2 /* Products */;
			projectDirPath = "";
			projectRoot = "";
			targets = (
				898AF9B41D5876A600AAD8B2 /* launchScreenAnimation */,
				898AF9CD1D5876A600AAD8B2 /* launchScreenAnimationTests */,
				898AF9D81D5876A600AAD8B2 /* launchScreenAnimationUITests */,
			);
		};
/* End PBXProject section */

/* Begin PBXResourcesBuildPhase section */
		898AF9B31D5876A600AAD8B2 /* Resources */ = {
			isa = PBXResourcesBuildPhase;
			buildActionMask = 2147483647;
			files = (
				898AF9C81D5876A600AAD8B2 /* LaunchScreen.storyboard in Resources */,
				898AF9C51D5876A600AAD8B2 /* Assets.xcassets in Resources */,
				898AF9C31D5876A600AAD8B2 /* Main.storyboard in Resources */,
				898AF9EC1D5876CD00AAD8B2 /* test.png in Resources */,
			);
			runOnlyForDeploymentPostprocessing = 0;
		};
		898AF9CC1D5876A600AAD8B2 /* Resources */ = {
			isa = PBXResourcesBuildPhase;
			buildActionMask = 2147483647;
			files = (
			);
			runOnlyForDeploymentPostprocessing = 0;
		};
		898AF9D71D5876A600AAD8B2 /* Resources */ = {
			isa = PBXResourcesBuildPhase;
			buildActionMask = 2147483647;
			files = (
			);
			runOnlyForDeploymentPostprocessing = 0;
		};
/* End PBXResourcesBuildPhase section */

/* Begin PBXShellScriptBuildPhase section */
		156E101323BB55CA89F494D5 /* [CP] Embed Pods Frameworks */ = {
			isa = PBXShellScriptBuildPhase;
			buildActionMask = 2147483647;
			files = (
			);
			inputPaths = (
			);
			name = "[CP] Embed Pods Frameworks";
			outputPaths = (
			);
			runOnlyForDeploymentPostprocessing = 0;
			shellPath = /bin/sh;
			shellScript = "\"${SRCROOT}/Pods/Target Support Files/Pods-launchScreenAnimation/Pods-launchScreenAnimation-frameworks.sh\"\n";
			showEnvVarsInLog = 0;
		};
		937E7FCAB209AEF3FA16BBA1 /* [CP] Copy Pods Resources */ = {
			isa = PBXShellScriptBuildPhase;
			buildActionMask = 2147483647;
			files = (
			);
			inputPaths = (
			);
			name = "[CP] Copy Pods Resources";
			outputPaths = (
			);
			runOnlyForDeploymentPostprocessing = 0;
			shellPath = /bin/sh;
			shellScript = "\"${SRCROOT}/Pods/Target Support Files/Pods-launchScreenAnimation/Pods-launchScreenAnimation-resources.sh\"\n";
			showEnvVarsInLog = 0;
		};
		DD4638F22DC6F8E327DEB117 /* [CP] Check Pods Manifest.lock */ = {
			isa = PBXShellScriptBuildPhase;
			buildActionMask = 2147483647;
			files = (
			);
			inputPaths = (
			);
			name = "[CP] Check Pods Manifest.lock";
			outputPaths = (
			);
			runOnlyForDeploymentPostprocessing = 0;
			shellPath = /bin/sh;
			shellScript = "diff \"${PODS_ROOT}/../Podfile.lock\" \"${PODS_ROOT}/Manifest.lock\" > /dev/null\nif [[ $? != 0 ]] ; then\n    cat << EOM\nerror: The sandbox is not in sync with the Podfile.lock. Run 'pod install' or update your CocoaPods installation.\nEOM\n    exit 1\nfi\n";
			showEnvVarsInLog = 0;
		};
/* End PBXShellScriptBuildPhase section */

/* Begin PBXSourcesBuildPhase section */
		898AF9B11D5876A600AAD8B2 /* Sources */ = {
			isa = PBXSourcesBuildPhase;
			buildActionMask = 2147483647;
			files = (
				898AF9C01D5876A600AAD8B2 /* ViewController.m in Sources */,
				898AF9BD1D5876A600AAD8B2 /* AppDelegate.m in Sources */,
				898AF9EF1D587EFB00AAD8B2 /* BBLaunchAdMonitor.m in Sources */,
				898AF9BA1D5876A600AAD8B2 /* main.m in Sources */,
			);
			runOnlyForDeploymentPostprocessing = 0;
		};
		898AF9CA1D5876A600AAD8B2 /* Sources */ = {
			isa = PBXSourcesBuildPhase;
			buildActionMask = 2147483647;
			files = (
				898AF9D31D5876A600AAD8B2 /* launchScreenAnimationTests.m in Sources */,
			);
			runOnlyForDeploymentPostprocessing = 0;
		};
		898AF9D51D5876A600AAD8B2 /* Sources */ = {
			isa = PBXSourcesBuildPhase;
			buildActionMask = 2147483647;
			files = (
				898AF9DE1D5876A600AAD8B2 /* launchScreenAnimationUITests.m in Sources */,
			);
			runOnlyForDeploymentPostprocessing = 0;
		};
/* End PBXSourcesBuildPhase section */

/* Begin PBXTargetDependency section */
		898AF9D01D5876A600AAD8B2 /* PBXTargetDependency */ = {
			isa = PBXTargetDependency;
			target = 898AF9B41D5876A600AAD8B2 /* launchScreenAnimation */;
			targetProxy = 898AF9CF1D5876A600AAD8B2 /* PBXContainerItemProxy */;
		};
		898AF9DB1D5876A600AAD8B2 /* PBXTargetDependency */ = {
			isa = PBXTargetDependency;
			target = 898AF9B41D5876A600AAD8B2 /* launchScreenAnimation */;
			targetProxy = 898AF9DA1D5876A600AAD8B2 /* PBXContainerItemProxy */;
		};
/* End PBXTargetDependency section */

/* Begin PBXVariantGroup section */
		898AF9C11D5876A600AAD8B2 /* Main.storyboard */ = {
			isa = PBXVariantGroup;
			children = (
				898AF9C21D5876A600AAD8B2 /* Base */,
			);
			name = Main.storyboard;
			sourceTree = "<group>";
		};
		898AF9C61D5876A600AAD8B2 /* LaunchScreen.storyboard */ = {
			isa = PBXVariantGroup;
			children = (
				898AF9C71D5876A600AAD8B2 /* Base */,
			);
			name = LaunchScreen.storyboard;
			sourceTree = "<group>";
		};
/* End PBXVariantGroup section */

/* Begin XCBuildConfiguration section */
		898AF9E01D5876A600AAD8B2 /* Debug */ = {
			isa = XCBuildConfiguration;
			buildSettings = {
				ALWAYS_SEARCH_USER_PATHS = NO;
				CLANG_ANALYZER_NONNULL = YES;
				CLANG_CXX_LANGUAGE_STANDARD = "gnu++0x";
				CLANG_CXX_LIBRARY = "libc++";
				CLANG_ENABLE_MODULES = YES;
				CLANG_ENABLE_OBJC_ARC = YES;
				CLANG_WARN_BOOL_CONVERSION = YES;
				CLANG_WARN_CONSTANT_CONVERSION = YES;
				CLANG_WARN_DIRECT_OBJC_ISA_USAGE = YES_ERROR;
				CLANG_WARN_EMPTY_BODY = YES;
				CLANG_WARN_ENUM_CONVERSION = YES;
				CLANG_WARN_INT_CONVERSION = YES;
				CLANG_WARN_OBJC_ROOT_CLASS = YES_ERROR;
				CLANG_WARN_UNREACHABLE_CODE = YES;
				CLANG_WARN__DUPLICATE_METHOD_MATCH = YES;
				"CODE_SIGN_IDENTITY[sdk=iphoneos*]" = "iPhone Developer";
				COPY_PHASE_STRIP = NO;
				DEBUG_INFORMATION_FORMAT = dwarf;
				ENABLE_STRICT_OBJC_MSGSEND = YES;
				ENABLE_TESTABILITY = YES;
				GCC_C_LANGUAGE_STANDARD = gnu99;
				GCC_DYNAMIC_NO_PIC = NO;
				GCC_NO_COMMON_BLOCKS = YES;
				GCC_OPTIMIZATION_LEVEL = 0;
				GCC_PREPROCESSOR_DEFINITIONS = (
					"DEBUG=1",
					"$(inherited)",
				);
				GCC_WARN_64_TO_32_BIT_CONVERSION = YES;
				GCC_WARN_ABOUT_RETURN_TYPE = YES_ERROR;
				GCC_WARN_UNDECLARED_SELECTOR = YES;
				GCC_WARN_UNINITIALIZED_AUTOS = YES_AGGRESSIVE;
				GCC_WARN_UNUSED_FUNCTION = YES;
				GCC_WARN_UNUSED_VARIABLE = YES;
				IPHONEOS_DEPLOYMENT_TARGET = 9.3;
				MTL_ENABLE_DEBUG_INFO = YES;
				ONLY_ACTIVE_ARCH = YES;
				SDKROOT = iphoneos;
				TARGETED_DEVICE_FAMILY = "1,2";
			};
			name = Debug;
		};
		898AF9E11D5876A600AAD8B2 /* Release */ = {
			isa = XCBuildConfiguration;
			buildSettings = {
				ALWAYS_SEARCH_USER_PATHS = NO;
				CLANG_ANALYZER_NONNULL = YES;
				CLANG_CXX_LANGUAGE_STANDARD = "gnu++0x";
				CLANG_CXX_LIBRARY = "libc++";
				CLANG_ENABLE_MODULES = YES;
				CLANG_ENABLE_OBJC_ARC = YES;
				CLANG_WARN_BOOL_CONVERSION = YES;
				CLANG_WARN_CONSTANT_CONVERSION = YES;
				CLANG_WARN_DIRECT_OBJC_ISA_USAGE = YES_ERROR;
				CLANG_WARN_EMPTY_BODY = YES;
				CLANG_WARN_ENUM_CONVERSION = YES;
				CLANG_WARN_INT_CONVERSION = YES;
				CLANG_WARN_OBJC_ROOT_CLASS = YES_ERROR;
				CLANG_WARN_UNREACHABLE_CODE = YES;
				CLANG_WARN__DUPLICATE_METHOD_MATCH = YES;
				"CODE_SIGN_IDENTITY[sdk=iphoneos*]" = "iPhone Developer";
				COPY_PHASE_STRIP = NO;
				DEBUG_INFORMATION_FORMAT = "dwarf-with-dsym";
				ENABLE_NS_ASSERTIONS = NO;
				ENABLE_STRICT_OBJC_MSGSEND = YES;
				GCC_C_LANGUAGE_STANDARD = gnu99;
				GCC_NO_COMMON_BLOCKS = YES;
				GCC_WARN_64_TO_32_BIT_CONVERSION = YES;
				GCC_WARN_ABOUT_RETURN_TYPE = YES_ERROR;
				GCC_WARN_UNDECLARED_SELECTOR = YES;
				GCC_WARN_UNINITIALIZED_AUTOS = YES_AGGRESSIVE;
				GCC_WARN_UNUSED_FUNCTION = YES;
				GCC_WARN_UNUSED_VARIABLE = YES;
				IPHONEOS_DEPLOYMENT_TARGET = 9.3;
				MTL_ENABLE_DEBUG_INFO = NO;
				SDKROOT = iphoneos;
				TARGETED_DEVICE_FAMILY = "1,2";
				VALIDATE_PRODUCT = YES;
			};
			name = Release;
		};
		898AF9E31D5876A600AAD8B2 /* Debug */ = {
			isa = XCBuildConfiguration;
			baseConfigurationReference = EAFCC55A0C997F2038BD2271 /* Pods-launchScreenAnimation.debug.xcconfig */;
			buildSettings = {
				ASSETCATALOG_COMPILER_APPICON_NAME = AppIcon;
				INFOPLIST_FILE = launchScreenAnimation/Info.plist;
				LD_RUNPATH_SEARCH_PATHS = "$(inherited) @executable_path/Frameworks";
				PRODUCT_BUNDLE_IDENTIFIER = Camel.com.launchScreenAnimation;
				PRODUCT_NAME = "$(TARGET_NAME)";
			};
			name = Debug;
		};
		898AF9E41D5876A600AAD8B2 /* Release */ = {
			isa = XCBuildConfiguration;
			baseConfigurationReference = 04A1C9DF36E6232196CB8ED1 /* Pods-launchScreenAnimation.release.xcconfig */;
			buildSettings = {
				ASSETCATALOG_COMPILER_APPICON_NAME = AppIcon;
				INFOPLIST_FILE = launchScreenAnimation/Info.plist;
				LD_RUNPATH_SEARCH_PATHS = "$(inherited) @executable_path/Frameworks";
				PRODUCT_BUNDLE_IDENTIFIER = Camel.com.launchScreenAnimation;
				PRODUCT_NAME = "$(TARGET_NAME)";
			};
			name = Release;
		};
		898AF9E61D5876A600AAD8B2 /* Debug */ = {
			isa = XCBuildConfiguration;
			buildSettings = {
				BUNDLE_LOADER = "$(TEST_HOST)";
				INFOPLIST_FILE = launchScreenAnimationTests/Info.plist;
				LD_RUNPATH_SEARCH_PATHS = "$(inherited) @executable_path/Frameworks @loader_path/Frameworks";
				PRODUCT_BUNDLE_IDENTIFIER = Camel.com.launchScreenAnimationTests;
				PRODUCT_NAME = "$(TARGET_NAME)";
				TEST_HOST = "$(BUILT_PRODUCTS_DIR)/launchScreenAnimation.app/launchScreenAnimation";
			};
			name = Debug;
		};
		898AF9E71D5876A600AAD8B2 /* Release */ = {
			isa = XCBuildConfiguration;
			buildSettings = {
				BUNDLE_LOADER = "$(TEST_HOST)";
				INFOPLIST_FILE = launchScreenAnimationTests/Info.plist;
				LD_RUNPATH_SEARCH_PATHS = "$(inherited) @executable_path/Frameworks @loader_path/Frameworks";
				PRODUCT_BUNDLE_IDENTIFIER = Camel.com.launchScreenAnimationTests;
				PRODUCT_NAME = "$(TARGET_NAME)";
				TEST_HOST = "$(BUILT_PRODUCTS_DIR)/launchScreenAnimation.app/launchScreenAnimation";
			};
			name = Release;
		};
		898AF9E91D5876A600AAD8B2 /* Debug */ = {
			isa = XCBuildConfiguration;
			buildSettings = {
				INFOPLIST_FILE = launchScreenAnimationUITests/Info.plist;
				LD_RUNPATH_SEARCH_PATHS = "$(inherited) @executable_path/Frameworks @loader_path/Frameworks";
				PRODUCT_BUNDLE_IDENTIFIER = Camel.com.launchScreenAnimationUITests;
				PRODUCT_NAME = "$(TARGET_NAME)";
				TEST_TARGET_NAME = launchScreenAnimation;
			};
			name = Debug;
		};
		898AF9EA1D5876A600AAD8B2 /* Release */ = {
			isa = XCBuildConfiguration;
			buildSettings = {
				INFOPLIST_FILE = launchScreenAnimationUITests/Info.plist;
				LD_RUNPATH_SEARCH_PATHS = "$(inherited) @executable_path/Frameworks @loader_path/Frameworks";
				PRODUCT_BUNDLE_IDENTIFIER = Camel.com.launchScreenAnimationUITests;
				PRODUCT_NAME = "$(TARGET_NAME)";
				TEST_TARGET_NAME = launchScreenAnimation;
			};
			name = Release;
		};
/* End XCBuildConfiguration section */

/* Begin XCConfigurationList section */
		898AF9B01D5876A600AAD8B2 /* Build configuration list for PBXProject "launchScreenAnimation" */ = {
			isa = XCConfigurationList;
			buildConfigurations = (
				898AF9E01D5876A600AAD8B2 /* Debug */,
				898AF9E11D5876A600AAD8B2 /* Release */,
			);
			defaultConfigurationIsVisible = 0;
			defaultConfigurationName = Release;
		};
		898AF9E21D5876A600AAD8B2 /* Build configuration list for PBXNativeTarget "launchScreenAnimation" */ = {
			isa = XCConfigurationList;
			buildConfigurations = (
				898AF9E31D5876A600AAD8B2 /* Debug */,
				898AF9E41D5876A600AAD8B2 /* Release */,
			);
			defaultConfigurationIsVisible = 0;
			defaultConfigurationName = Release;
		};
		898AF9E51D5876A600AAD8B2 /* Build configuration list for PBXNativeTarget "launchScreenAnimationTests" */ = {
			isa = XCConfigurationList;
			buildConfigurations = (
				898AF9E61D5876A600AAD8B2 /* Debug */,
				898AF9E71D5876A600AAD8B2 /* Release */,
			);
			defaultConfigurationIsVisible = 0;
			defaultConfigurationName = Release;
		};
		898AF9E81D5876A600AAD8B2 /* Build configuration list for PBXNativeTarget "launchScreenAnimationUITests" */ = {
			isa = XCConfigurationList;
			buildConfigurations = (
				898AF9E91D5876A600AAD8B2 /* Debug */,
				898AF9EA1D5876A600AAD8B2 /* Release */,
			);
			defaultConfigurationIsVisible = 0;
			defaultConfigurationName = Release;
		};
/* End XCConfigurationList section */
	};
	rootObject = 898AF9AD1D5876A600AAD8B2 /* Project object */;
}
